
Microsoft Visual Studio Solution File, Format Version 12.00
# Visual Studio 15
VisualStudioVersion = 15.0.27703.2047
MinimumVisualStudioVersion = 10.0.40219.1
Project("{FAE04EC0-301F-11D3-BF4B-00C04F79EFBC}") = "CalculateAge.ConsoleApplication", "CalculateAge.ConsoleApplication\CalculateAge.ConsoleApplication.csproj", "{3E08F1DC-007F-4ACE-8954-DDC2EFCCF7E4}"
EndProject
Global
	GlobalSection(SolutionConfigurationPlatforms) = preSolution
		Debug|Any CPU = Debug|Any CPU
		Release|Any CPU = Release|Any CPU
	EndGlobalSection
	GlobalSection(ProjectConfigurationPlatforms) = postSolution
		{3E08F1DC-007F-4ACE-8954-DDC2EFCCF7E4}.Debug|Any CPU.ActiveCfg = Debug|Any CPU
		{3E08F1DC-007F-4ACE-8954-DDC2EFCCF7E4}.Debug|Any CPU.Build.0 = Debug|Any CPU
		{3E08F1DC-007F-4ACE-8954-DDC2EFCCF7E4}.Release|Any CPU.ActiveCfg = Release|Any CPU
		{3E08F1DC-007F-4ACE-8954-DDC2EFCCF7E4}.Release|Any CPU.Build.0 = Release|Any CPU
	EndGlobalSection
	GlobalSection(SolutionProperties) = preSolution
		HideSolutionNode = FALSE
	EndGlobalSection
	GlobalSection(ExtensibilityGlobals) = postSolution
		SolutionGuid = {2473C761-2F07-4700-98F5-0F4E0106F7E8}
	EndGlobalSection
EndGlobal
